
Microsoft Visual Studio Solution File, Format Version 12.00
# Visual Studio Version 17
VisualStudioVersion = 17.5.33516.290
MinimumVisualStudioVersion = 10.0.40219.1
Project("{2150E333-8FDC-42A3-9474-1A3956D46DE8}") = "Solution Items", "Solution Items", "{8FE9055F-68BC-4427-A536-64CE4E324989}"
EndProject
Project("{9A19103F-16F7-4668-BE54-9A1E7A4F7556}") = "Web.HtmlSanitizer", "Web.HtmlSanitizer\Web.HtmlSanitizer.csproj", "{347A800B-BC19-4C3D-81B9-8E0D3FA839DE}"
EndProject
Project("{9A19103F-16F7-4668-BE54-9A1E7A4F7556}") = "Web.HtmlSanitizer.Tests", "Web.HtmlSanitizer.Tests\Web.HtmlSanitizer.Tests.csproj", "{B94BB0A9-399E-4CB4-8564-CC69D6CB584D}"
EndProject
Global
	GlobalSection(SolutionConfigurationPlatforms) = preSolution
		Debug|Any CPU = Debug|Any CPU
		Release|Any CPU = Release|Any CPU
	EndGlobalSection
	GlobalSection(ProjectConfigurationPlatforms) = postSolution
		{347A800B-BC19-4C3D-81B9-8E0D3FA839DE}.Debug|Any CPU.ActiveCfg = Debug|Any CPU
		{347A800B-BC19-4C3D-81B9-8E0D3FA839DE}.Debug|Any CPU.Build.0 = Debug|Any CPU
		{347A800B-BC19-4C3D-81B9-8E0D3FA839DE}.Release|Any CPU.ActiveCfg = Release|Any CPU
		{347A800B-BC19-4C3D-81B9-8E0D3FA839DE}.Release|Any CPU.Build.0 = Release|Any CPU
		{B94BB0A9-399E-4CB4-8564-CC69D6CB584D}.Debug|Any CPU.ActiveCfg = Debug|Any CPU
		{B94BB0A9-399E-4CB4-8564-CC69D6CB584D}.Debug|Any CPU.Build.0 = Debug|Any CPU
		{B94BB0A9-399E-4CB4-8564-CC69D6CB584D}.Release|Any CPU.ActiveCfg = Release|Any CPU
		{B94BB0A9-399E-4CB4-8564-CC69D6CB584D}.Release|Any CPU.Build.0 = Release|Any CPU
	EndGlobalSection
	GlobalSection(SolutionProperties) = preSolution
		HideSolutionNode = FALSE
	EndGlobalSection
	GlobalSection(ExtensibilityGlobals) = postSolution
		SolutionGuid = {37488DB7-0190-49AC-B123-F29135122BAB}
	EndGlobalSection
EndGlobal
