
Microsoft Visual Studio Solution File, Format Version 11.00
# Visual Web Developer Express 2010
Project("{FAE04EC0-301F-11D3-BF4B-00C04F79EFBC}") = "Web.HtmlSanitizer.Tests", "Web.HtmlSanitizer.Tests.csproj", "{B94BB0A9-399E-4CB4-8564-CC69D6CB584D}"
EndProject
Global
	GlobalSection(SolutionConfigurationPlatforms) = preSolution
		Debug|Any CPU = Debug|Any CPU
		Release|Any CPU = Release|Any CPU
	EndGlobalSection
	GlobalSection(ProjectConfigurationPlatforms) = postSolution
		{B94BB0A9-399E-4CB4-8564-CC69D6CB584D}.Debug|Any CPU.ActiveCfg = Debug|Any CPU
		{B94BB0A9-399E-4CB4-8564-CC69D6CB584D}.Debug|Any CPU.Build.0 = Debug|Any CPU
		{B94BB0A9-399E-4CB4-8564-CC69D6CB584D}.Release|Any CPU.ActiveCfg = Release|Any CPU
		{B94BB0A9-399E-4CB4-8564-CC69D6CB584D}.Release|Any CPU.Build.0 = Release|Any CPU
	EndGlobalSection
	GlobalSection(SolutionProperties) = preSolution
		HideSolutionNode = FALSE
	EndGlobalSection
EndGlobal
